// !$*UTF8*$!
{
	archiveVersion = 1;
	classes = {
	};
	objectVersion = 46;
	objects = {

/* Begin PBXBuildFile section */
		69269F2514620D0F00F69705 /* packet_test.c in Sources */ = {isa = PBXBuildFile; fileRef = 69269F2114620D0F00F69705 /* packet_test.c */; };
		69269F2614620D0F00F69705 /* packet_test.h in Headers */ = {isa = PBXBuildFile; fileRef = 69269F2214620D0F00F69705 /* packet_test.h */; };
		69269F2714620D0F00F69705 /* packet.c in Sources */ = {isa = PBXBuildFile; fileRef = 69269F2314620D0F00F69705 /* packet.c */; };
		69269F2814620D0F00F69705 /* packet.h in Headers */ = {isa = PBXBuildFile; fileRef = 69269F2414620D0F00F69705 /* packet.h */; };
		6926A662146B38F200F69705 /* keychain.c in Sources */ = {isa = PBXBuildFile; fileRef = 6926A660146B38F200F69705 /* keychain.c */; };
		6926A663146B38F200F69705 /* keychain.h in Headers */ = {isa = PBXBuildFile; fileRef = 6926A661146B38F200F69705 /* keychain.h */; };
		6926A9BD146C608900F69705 /* libz.a in Frameworks */ = {isa = PBXBuildFile; fileRef = 6926A9BC146C608900F69705 /* libz.a */; };
		6926A9BF146C609200F69705 /* zlib.h in Headers */ = {isa = PBXBuildFile; fileRef = 6926A9BE146C609200F69705 /* zlib.h */; };
		69868BC31460F343004C5D9B /* libgcrypt.a in Frameworks */ = {isa = PBXBuildFile; fileRef = 69868BC21460F343004C5D9B /* libgcrypt.a */; };
		69868BC51460F34A004C5D9B /* libgpg-error.a in Frameworks */ = {isa = PBXBuildFile; fileRef = 69868BC41460F34A004C5D9B /* libgpg-error.a */; };
		69868BC71460F37E004C5D9B /* gpg-error.h in Headers */ = {isa = PBXBuildFile; fileRef = 69868BC61460F37E004C5D9B /* gpg-error.h */; };
		69868BCA1460F386004C5D9B /* gcrypt-module.h in Headers */ = {isa = PBXBuildFile; fileRef = 69868BC81460F386004C5D9B /* gcrypt-module.h */; };
		69868BCB1460F386004C5D9B /* gcrypt.h in Headers */ = {isa = PBXBuildFile; fileRef = 69868BC91460F386004C5D9B /* gcrypt.h */; };
		AA747D9F0F9514B9006C5449 /* simplepgp_Prefix.pch in Headers */ = {isa = PBXBuildFile; fileRef = AA747D9E0F9514B9006C5449 /* simplepgp_Prefix.pch */; };
		AACBBE4A0F95108600F1A2B1 /* Foundation.framework in Frameworks */ = {isa = PBXBuildFile; fileRef = AACBBE490F95108600F1A2B1 /* Foundation.framework */; };
/* End PBXBuildFile section */

/* Begin PBXFileReference section */
		69269F2114620D0F00F69705 /* packet_test.c */ = {isa = PBXFileReference; fileEncoding = 4; lastKnownFileType = sourcecode.c.c; name = packet_test.c; path = src/packet_test.c; sourceTree = "<group>"; };
		69269F2214620D0F00F69705 /* packet_test.h */ = {isa = PBXFileReference; fileEncoding = 4; lastKnownFileType = sourcecode.c.h; name = packet_test.h; path = src/packet_test.h; sourceTree = "<group>"; };
		69269F2314620D0F00F69705 /* packet.c */ = {isa = PBXFileReference; fileEncoding = 4; lastKnownFileType = sourcecode.c.c; name = packet.c; path = src/packet.c; sourceTree = "<group>"; };
		69269F2414620D0F00F69705 /* packet.h */ = {isa = PBXFileReference; fileEncoding = 4; lastKnownFileType = sourcecode.c.h; name = packet.h; path = src/packet.h; sourceTree = "<group>"; };
		6926A660146B38F200F69705 /* keychain.c */ = {isa = PBXFileReference; fileEncoding = 4; lastKnownFileType = sourcecode.c.c; name = keychain.c; path = src/keychain.c; sourceTree = "<group>"; };
		6926A661146B38F200F69705 /* keychain.h */ = {isa = PBXFileReference; fileEncoding = 4; lastKnownFileType = sourcecode.c.h; name = keychain.h; path = src/keychain.h; sourceTree = "<group>"; };
		6926A9BC146C608900F69705 /* libz.a */ = {isa = PBXFileReference; lastKnownFileType = archive.ar; path = libz.a; sourceTree = "<group>"; };
		6926A9BE146C609200F69705 /* zlib.h */ = {isa = PBXFileReference; fileEncoding = 4; lastKnownFileType = sourcecode.c.h; path = zlib.h; sourceTree = "<group>"; };
		6926AC66146DBC7D00F69705 /* README */ = {isa = PBXFileReference; fileEncoding = 4; lastKnownFileType = text; path = README; sourceTree = "<group>"; };
		69868BC21460F343004C5D9B /* libgcrypt.a */ = {isa = PBXFileReference; lastKnownFileType = archive.ar; path = libgcrypt.a; sourceTree = "<group>"; };
		69868BC41460F34A004C5D9B /* libgpg-error.a */ = {isa = PBXFileReference; lastKnownFileType = archive.ar; path = "libgpg-error.a"; sourceTree = "<group>"; };
		69868BC61460F37E004C5D9B /* gpg-error.h */ = {isa = PBXFileReference; fileEncoding = 4; lastKnownFileType = sourcecode.c.h; path = "gpg-error.h"; sourceTree = "<group>"; };
		69868BC81460F386004C5D9B /* gcrypt-module.h */ = {isa = PBXFileReference; fileEncoding = 4; lastKnownFileType = sourcecode.c.h; path = "gcrypt-module.h"; sourceTree = "<group>"; };
		69868BC91460F386004C5D9B /* gcrypt.h */ = {isa = PBXFileReference; fileEncoding = 4; lastKnownFileType = sourcecode.c.h; path = gcrypt.h; sourceTree = "<group>"; };
		AA747D9E0F9514B9006C5449 /* simplepgp_Prefix.pch */ = {isa = PBXFileReference; fileEncoding = 4; lastKnownFileType = sourcecode.c.h; path = simplepgp_Prefix.pch; sourceTree = "<group>"; };
		AACBBE490F95108600F1A2B1 /* Foundation.framework */ = {isa = PBXFileReference; lastKnownFileType = wrapper.framework; name = Foundation.framework; path = System/Library/Frameworks/Foundation.framework; sourceTree = SDKROOT; };
		D2AAC07E0554694100DB518D /* libsimplepgp.a */ = {isa = PBXFileReference; explicitFileType = archive.ar; includeInIndex = 0; path = libsimplepgp.a; sourceTree = BUILT_PRODUCTS_DIR; };
/* End PBXFileReference section */

/* Begin PBXFrameworksBuildPhase section */
		D2AAC07C0554694100DB518D /* Frameworks */ = {
			isa = PBXFrameworksBuildPhase;
			buildActionMask = 2147483647;
			files = (
				AACBBE4A0F95108600F1A2B1 /* Foundation.framework in Frameworks */,
				69868BC31460F343004C5D9B /* libgcrypt.a in Frameworks */,
				69868BC51460F34A004C5D9B /* libgpg-error.a in Frameworks */,
				6926A9BD146C608900F69705 /* libz.a in Frameworks */,
			);
			runOnlyForDeploymentPostprocessing = 0;
		};
/* End PBXFrameworksBuildPhase section */

/* Begin PBXGroup section */
		034768DFFF38A50411DB9C8B /* Products */ = {
			isa = PBXGroup;
			children = (
				D2AAC07E0554694100DB518D /* libsimplepgp.a */,
			);
			name = Products;
			sourceTree = "<group>";
		};
		0867D691FE84028FC02AAC07 /* libsimplepgp */ = {
			isa = PBXGroup;
			children = (
				6926AC66146DBC7D00F69705 /* README */,
				08FB77AEFE84172EC02AAC07 /* Classes */,
				32C88DFF0371C24200C91783 /* Other Sources */,
				0867D69AFE84028FC02AAC07 /* Frameworks */,
				034768DFFF38A50411DB9C8B /* Products */,
			);
			name = libsimplepgp;
			sourceTree = "<group>";
		};
		0867D69AFE84028FC02AAC07 /* Frameworks */ = {
			isa = PBXGroup;
			children = (
				6926A9BC146C608900F69705 /* libz.a */,
				69868BC41460F34A004C5D9B /* libgpg-error.a */,
				69868BC21460F343004C5D9B /* libgcrypt.a */,
				AACBBE490F95108600F1A2B1 /* Foundation.framework */,
			);
			name = Frameworks;
			sourceTree = "<group>";
		};
		08FB77AEFE84172EC02AAC07 /* Classes */ = {
			isa = PBXGroup;
			children = (
				6926A660146B38F200F69705 /* keychain.c */,
				6926A661146B38F200F69705 /* keychain.h */,
				69269F2114620D0F00F69705 /* packet_test.c */,
				69269F2214620D0F00F69705 /* packet_test.h */,
				69269F2314620D0F00F69705 /* packet.c */,
				69269F2414620D0F00F69705 /* packet.h */,
			);
			name = Classes;
			sourceTree = "<group>";
		};
		32C88DFF0371C24200C91783 /* Other Sources */ = {
			isa = PBXGroup;
			children = (
				6926A9BE146C609200F69705 /* zlib.h */,
				69868BC81460F386004C5D9B /* gcrypt-module.h */,
				69868BC91460F386004C5D9B /* gcrypt.h */,
				69868BC61460F37E004C5D9B /* gpg-error.h */,
				AA747D9E0F9514B9006C5449 /* simplepgp_Prefix.pch */,
			);
			name = "Other Sources";
			sourceTree = "<group>";
		};
/* End PBXGroup section */

/* Begin PBXHeadersBuildPhase section */
		D2AAC07A0554694100DB518D /* Headers */ = {
			isa = PBXHeadersBuildPhase;
			buildActionMask = 2147483647;
			files = (
				AA747D9F0F9514B9006C5449 /* simplepgp_Prefix.pch in Headers */,
				69868BC71460F37E004C5D9B /* gpg-error.h in Headers */,
				69868BCA1460F386004C5D9B /* gcrypt-module.h in Headers */,
				69868BCB1460F386004C5D9B /* gcrypt.h in Headers */,
				69269F2614620D0F00F69705 /* packet_test.h in Headers */,
				69269F2814620D0F00F69705 /* packet.h in Headers */,
				6926A663146B38F200F69705 /* keychain.h in Headers */,
				6926A9BF146C609200F69705 /* zlib.h in Headers */,
			);
			runOnlyForDeploymentPostprocessing = 0;
		};
/* End PBXHeadersBuildPhase section */

/* Begin PBXNativeTarget section */
		D2AAC07D0554694100DB518D /* simplepgp */ = {
			isa = PBXNativeTarget;
			buildConfigurationList = 1DEB921E08733DC00010E9CD /* Build configuration list for PBXNativeTarget "simplepgp" */;
			buildPhases = (
				D2AAC07A0554694100DB518D /* Headers */,
				D2AAC07B0554694100DB518D /* Sources */,
				D2AAC07C0554694100DB518D /* Frameworks */,
			);
			buildRules = (
			);
			dependencies = (
			);
			name = simplepgp;
			productName = libsimplepgp;
			productReference = D2AAC07E0554694100DB518D /* libsimplepgp.a */;
			productType = "com.apple.product-type.library.static";
		};
/* End PBXNativeTarget section */

/* Begin PBXProject section */
		0867D690FE84028FC02AAC07 /* Project object */ = {
			isa = PBXProject;
			buildConfigurationList = 1DEB922208733DC00010E9CD /* Build configuration list for PBXProject "simplepgp" */;
			compatibilityVersion = "Xcode 3.2";
			developmentRegion = English;
			hasScannedForEncodings = 1;
			knownRegions = (
				English,
				Japanese,
				French,
				German,
			);
			mainGroup = 0867D691FE84028FC02AAC07 /* libsimplepgp */;
			productRefGroup = 034768DFFF38A50411DB9C8B /* Products */;
			projectDirPath = "";
			projectRoot = "";
			targets = (
				D2AAC07D0554694100DB518D /* simplepgp */,
			);
		};
/* End PBXProject section */

/* Begin PBXSourcesBuildPhase section */
		D2AAC07B0554694100DB518D /* Sources */ = {
			isa = PBXSourcesBuildPhase;
			buildActionMask = 2147483647;
			files = (
				69269F2514620D0F00F69705 /* packet_test.c in Sources */,
				69269F2714620D0F00F69705 /* packet.c in Sources */,
				6926A662146B38F200F69705 /* keychain.c in Sources */,
			);
			runOnlyForDeploymentPostprocessing = 0;
		};
/* End PBXSourcesBuildPhase section */

/* Begin XCBuildConfiguration section */
		1DEB921F08733DC00010E9CD /* Debug */ = {
			isa = XCBuildConfiguration;
			buildSettings = {
				ALWAYS_SEARCH_USER_PATHS = NO;
				ARCHS = "$(ARCHS_STANDARD_32_BIT)";
				COPY_PHASE_STRIP = NO;
				DSTROOT = /tmp/libsimplepgp.dst;
				GCC_DYNAMIC_NO_PIC = NO;
				GCC_ENABLE_FIX_AND_CONTINUE = YES;
				GCC_MODEL_TUNING = G5;
				GCC_OPTIMIZATION_LEVEL = 0;
				GCC_PRECOMPILE_PREFIX_HEADER = YES;
				GCC_PREFIX_HEADER = simplepgp_Prefix.pch;
				GCC_PREPROCESSOR_DEFINITIONS = DEBUG_LOG_ENABLED;
				HEADER_SEARCH_PATHS = "$(SRCROOT)";
				INSTALL_PATH = /usr/local/lib;
				LIBRARY_SEARCH_PATHS = (
					"$(inherited)",
					"\"$(SRCROOT)\"",
				);
				PRODUCT_NAME = simplepgp;
			};
			name = Debug;
		};
		1DEB922008733DC00010E9CD /* Release */ = {
			isa = XCBuildConfiguration;
			buildSettings = {
				ALWAYS_SEARCH_USER_PATHS = NO;
				ARCHS = "$(ARCHS_STANDARD_32_BIT)";
				DSTROOT = /tmp/libsimplepgp.dst;
				GCC_MODEL_TUNING = G5;
				GCC_PRECOMPILE_PREFIX_HEADER = YES;
				GCC_PREFIX_HEADER = simplepgp_Prefix.pch;
				HEADER_SEARCH_PATHS = "$(SRCROOT)";
				INSTALL_PATH = /usr/local/lib;
				LIBRARY_SEARCH_PATHS = (
					"$(inherited)",
					"\"$(SRCROOT)\"",
				);
				PRODUCT_NAME = simplepgp;
			};
			name = Release;
		};
		1DEB922308733DC00010E9CD /* Debug */ = {
			isa = XCBuildConfiguration;
			buildSettings = {
				ARCHS = "$(ARCHS_STANDARD_32_BIT)";
				GCC_C_LANGUAGE_STANDARD = c99;
				GCC_OPTIMIZATION_LEVEL = 0;
				GCC_WARN_ABOUT_RETURN_TYPE = YES;
				GCC_WARN_UNUSED_VARIABLE = YES;
				OTHER_LDFLAGS = "-ObjC";
				PREBINDING = NO;
				SDKROOT = iphoneos;
			};
			name = Debug;
		};
		1DEB922408733DC00010E9CD /* Release */ = {
			isa = XCBuildConfiguration;
			buildSettings = {
				ARCHS = "$(ARCHS_STANDARD_32_BIT)";
				GCC_C_LANGUAGE_STANDARD = c99;
				GCC_WARN_ABOUT_RETURN_TYPE = YES;
				GCC_WARN_UNUSED_VARIABLE = YES;
				OTHER_LDFLAGS = "-ObjC";
				PREBINDING = NO;
				SDKROOT = iphoneos;
			};
			name = Release;
		};
/* End XCBuildConfiguration section */

/* Begin XCConfigurationList section */
		1DEB921E08733DC00010E9CD /* Build configuration list for PBXNativeTarget "simplepgp" */ = {
			isa = XCConfigurationList;
			buildConfigurations = (
				1DEB921F08733DC00010E9CD /* Debug */,
				1DEB922008733DC00010E9CD /* Release */,
			);
			defaultConfigurationIsVisible = 0;
			defaultConfigurationName = Release;
		};
		1DEB922208733DC00010E9CD /* Build configuration list for PBXProject "simplepgp" */ = {
			isa = XCConfigurationList;
			buildConfigurations = (
				1DEB922308733DC00010E9CD /* Debug */,
				1DEB922408733DC00010E9CD /* Release */,
			);
			defaultConfigurationIsVisible = 0;
			defaultConfigurationName = Release;
		};
/* End XCConfigurationList section */
	};
	rootObject = 0867D690FE84028FC02AAC07 /* Project object */;
}
